
Microsoft Visual Studio Solution File, Format Version 12.00
# Visual Studio 14
VisualStudioVersion = 14.0.25123.0
MinimumVisualStudioVersion = 10.0.40219.1
Project("{8BC9CEB8-8B4A-11D0-8D11-00A0C91BC942}") = "1-HelloAIE", "1-HelloAIE\1-HelloAIE.vcxproj", "{696A7AFD-7894-428B-93D0-DE95A26338A0}"
EndProject
Project("{8BC9CEB8-8B4A-11D0-8D11-00A0C91BC942}") = "2-Variables", "2-Variables\2-Variables.vcxproj", "{296520FA-DEF4-4C58-8981-ED53018C1D02}"
EndProject
Project("{8BC9CEB8-8B4A-11D0-8D11-00A0C91BC942}") = "3-Conditionals", "3-Conditionals\3-Conditionals.vcxproj", "{CE42A79C-CB2C-4DDC-924C-345F18F6A541}"
EndProject
Project("{8BC9CEB8-8B4A-11D0-8D11-00A0C91BC942}") = "4-Functions", "4-Functions\4-Functions.vcxproj", "{44CB160C-DDFC-4130-80D0-F48C7E9A76AF}"
EndProject
Project("{8BC9CEB8-8B4A-11D0-8D11-00A0C91BC942}") = "5-WoopDaLoop", "5-WoopDaLoop\5-WoopDaLoop.vcxproj", "{87F2759E-0560-4CFA-BB36-FE779377B8A8}"
EndProject
Project("{8BC9CEB8-8B4A-11D0-8D11-00A0C91BC942}") = "7-Arrays", "7-Arrays\7-Arrays.vcxproj", "{EF0D0D1E-95E1-402A-A5E6-56AF0E136F7F}"
EndProject
Project("{8BC9CEB8-8B4A-11D0-8D11-00A0C91BC942}") = "porject", "porject\porject.vcxproj", "{C3962945-5F1B-4E48-9E5C-D3A13ACA28B6}"
EndProject
Project("{8BC9CEB8-8B4A-11D0-8D11-00A0C91BC942}") = "10 - C-Strings", "11 - C-Strings\11 - C-Strings.vcxproj", "{3519873C-5EDD-46AC-A799-419AAE976C97}"
EndProject
Global
	GlobalSection(SolutionConfigurationPlatforms) = preSolution
		Debug|x64 = Debug|x64
		Debug|x86 = Debug|x86
		Release|x64 = Release|x64
		Release|x86 = Release|x86
	EndGlobalSection
	GlobalSection(ProjectConfigurationPlatforms) = postSolution
		{696A7AFD-7894-428B-93D0-DE95A26338A0}.Debug|x64.ActiveCfg = Debug|x64
		{696A7AFD-7894-428B-93D0-DE95A26338A0}.Debug|x64.Build.0 = Debug|x64
		{696A7AFD-7894-428B-93D0-DE95A26338A0}.Debug|x86.ActiveCfg = Debug|Win32
		{696A7AFD-7894-428B-93D0-DE95A26338A0}.Debug|x86.Build.0 = Debug|Win32
		{696A7AFD-7894-428B-93D0-DE95A26338A0}.Release|x64.ActiveCfg = Release|x64
		{696A7AFD-7894-428B-93D0-DE95A26338A0}.Release|x64.Build.0 = Release|x64
		{696A7AFD-7894-428B-93D0-DE95A26338A0}.Release|x86.ActiveCfg = Release|Win32
		{696A7AFD-7894-428B-93D0-DE95A26338A0}.Release|x86.Build.0 = Release|Win32
		{296520FA-DEF4-4C58-8981-ED53018C1D02}.Debug|x64.ActiveCfg = Debug|x64
		{296520FA-DEF4-4C58-8981-ED53018C1D02}.Debug|x64.Build.0 = Debug|x64
		{296520FA-DEF4-4C58-8981-ED53018C1D02}.Debug|x86.ActiveCfg = Debug|Win32
		{296520FA-DEF4-4C58-8981-ED53018C1D02}.Debug|x86.Build.0 = Debug|Win32
		{296520FA-DEF4-4C58-8981-ED53018C1D02}.Release|x64.ActiveCfg = Release|x64
		{296520FA-DEF4-4C58-8981-ED53018C1D02}.Release|x64.Build.0 = Release|x64
		{296520FA-DEF4-4C58-8981-ED53018C1D02}.Release|x86.ActiveCfg = Release|Win32
		{296520FA-DEF4-4C58-8981-ED53018C1D02}.Release|x86.Build.0 = Release|Win32
		{CE42A79C-CB2C-4DDC-924C-345F18F6A541}.Debug|x64.ActiveCfg = Debug|x64
		{CE42A79C-CB2C-4DDC-924C-345F18F6A541}.Debug|x64.Build.0 = Debug|x64
		{CE42A79C-CB2C-4DDC-924C-345F18F6A541}.Debug|x86.ActiveCfg = Debug|Win32
		{CE42A79C-CB2C-4DDC-924C-345F18F6A541}.Debug|x86.Build.0 = Debug|Win32
		{CE42A79C-CB2C-4DDC-924C-345F18F6A541}.Release|x64.ActiveCfg = Release|x64
		{CE42A79C-CB2C-4DDC-924C-345F18F6A541}.Release|x64.Build.0 = Release|x64
		{CE42A79C-CB2C-4DDC-924C-345F18F6A541}.Release|x86.ActiveCfg = Release|Win32
		{CE42A79C-CB2C-4DDC-924C-345F18F6A541}.Release|x86.Build.0 = Release|Win32
		{44CB160C-DDFC-4130-80D0-F48C7E9A76AF}.Debug|x64.ActiveCfg = Debug|x64
		{44CB160C-DDFC-4130-80D0-F48C7E9A76AF}.Debug|x64.Build.0 = Debug|x64
		{44CB160C-DDFC-4130-80D0-F48C7E9A76AF}.Debug|x86.ActiveCfg = Debug|Win32
		{44CB160C-DDFC-4130-80D0-F48C7E9A76AF}.Debug|x86.Build.0 = Debug|Win32
		{44CB160C-DDFC-4130-80D0-F48C7E9A76AF}.Release|x64.ActiveCfg = Release|x64
		{44CB160C-DDFC-4130-80D0-F48C7E9A76AF}.Release|x64.Build.0 = Release|x64
		{44CB160C-DDFC-4130-80D0-F48C7E9A76AF}.Release|x86.ActiveCfg = Release|Win32
		{44CB160C-DDFC-4130-80D0-F48C7E9A76AF}.Release|x86.Build.0 = Release|Win32
		{87F2759E-0560-4CFA-BB36-FE779377B8A8}.Debug|x64.ActiveCfg = Debug|x64
		{87F2759E-0560-4CFA-BB36-FE779377B8A8}.Debug|x64.Build.0 = Debug|x64
		{87F2759E-0560-4CFA-BB36-FE779377B8A8}.Debug|x86.ActiveCfg = Debug|Win32
		{87F2759E-0560-4CFA-BB36-FE779377B8A8}.Debug|x86.Build.0 = Debug|Win32
		{87F2759E-0560-4CFA-BB36-FE779377B8A8}.Release|x64.ActiveCfg = Release|x64
		{87F2759E-0560-4CFA-BB36-FE779377B8A8}.Release|x64.Build.0 = Release|x64
		{87F2759E-0560-4CFA-BB36-FE779377B8A8}.Release|x86.ActiveCfg = Release|Win32
		{87F2759E-0560-4CFA-BB36-FE779377B8A8}.Release|x86.Build.0 = Release|Win32
		{EF0D0D1E-95E1-402A-A5E6-56AF0E136F7F}.Debug|x64.ActiveCfg = Debug|x64
		{EF0D0D1E-95E1-402A-A5E6-56AF0E136F7F}.Debug|x64.Build.0 = Debug|x64
		{EF0D0D1E-95E1-402A-A5E6-56AF0E136F7F}.Debug|x86.ActiveCfg = Debug|Win32
		{EF0D0D1E-95E1-402A-A5E6-56AF0E136F7F}.Debug|x86.Build.0 = Debug|Win32
		{EF0D0D1E-95E1-402A-A5E6-56AF0E136F7F}.Release|x64.ActiveCfg = Release|x64
		{EF0D0D1E-95E1-402A-A5E6-56AF0E136F7F}.Release|x64.Build.0 = Release|x64
		{EF0D0D1E-95E1-402A-A5E6-56AF0E136F7F}.Release|x86.ActiveCfg = Release|Win32
		{EF0D0D1E-95E1-402A-A5E6-56AF0E136F7F}.Release|x86.Build.0 = Release|Win32
		{C3962945-5F1B-4E48-9E5C-D3A13ACA28B6}.Debug|x64.ActiveCfg = Debug|x64
		{C3962945-5F1B-4E48-9E5C-D3A13ACA28B6}.Debug|x64.Build.0 = Debug|x64
		{C3962945-5F1B-4E48-9E5C-D3A13ACA28B6}.Debug|x86.ActiveCfg = Debug|Win32
		{C3962945-5F1B-4E48-9E5C-D3A13ACA28B6}.Debug|x86.Build.0 = Debug|Win32
		{C3962945-5F1B-4E48-9E5C-D3A13ACA28B6}.Release|x64.ActiveCfg = Release|x64
		{C3962945-5F1B-4E48-9E5C-D3A13ACA28B6}.Release|x64.Build.0 = Release|x64
		{C3962945-5F1B-4E48-9E5C-D3A13ACA28B6}.Release|x86.ActiveCfg = Release|Win32
		{C3962945-5F1B-4E48-9E5C-D3A13ACA28B6}.Release|x86.Build.0 = Release|Win32
		{3519873C-5EDD-46AC-A799-419AAE976C97}.Debug|x64.ActiveCfg = Debug|x64
		{3519873C-5EDD-46AC-A799-419AAE976C97}.Debug|x64.Build.0 = Debug|x64
		{3519873C-5EDD-46AC-A799-419AAE976C97}.Debug|x86.ActiveCfg = Debug|Win32
		{3519873C-5EDD-46AC-A799-419AAE976C97}.Debug|x86.Build.0 = Debug|Win32
		{3519873C-5EDD-46AC-A799-419AAE976C97}.Release|x64.ActiveCfg = Release|x64
		{3519873C-5EDD-46AC-A799-419AAE976C97}.Release|x64.Build.0 = Release|x64
		{3519873C-5EDD-46AC-A799-419AAE976C97}.Release|x86.ActiveCfg = Release|Win32
		{3519873C-5EDD-46AC-A799-419AAE976C97}.Release|x86.Build.0 = Release|Win32
	EndGlobalSection
	GlobalSection(SolutionProperties) = preSolution
		HideSolutionNode = FALSE
	EndGlobalSection
EndGlobal
